
Microsoft Visual Studio Solution File, Format Version 12.00
# Visual Studio Version 17
VisualStudioVersion = 17.8.34511.84
MinimumVisualStudioVersion = 10.0.40219.1
Project("{9A19103F-16F7-4668-BE54-9A1E7A4F7556}") = "gRPC.BasicService", "gRPC.BasicService\gRPC.BasicService.csproj", "{E901A22B-6B9F-4B42-AA54-F862FA69FF75}"
EndProject
Project("{9A19103F-16F7-4668-BE54-9A1E7A4F7556}") = "gRPCBasicDemo.Client", "gRPCBasicDemo.Client\gRPCBasicDemo.Client.csproj", "{D86B085E-16AD-482F-96D2-95588E5C4DC7}"
EndProject
Project("{9A19103F-16F7-4668-BE54-9A1E7A4F7556}") = "gRPC.BasicProtos", "gRPC.BasicProtos\gRPC.BasicProtos.csproj", "{DED1DF1E-3CCD-4D2E-BA58-6277995937EB}"
EndProject
Project("{2150E333-8FDC-42A3-9474-1A3956D46DE8}") = "1.BasicDemo", "1.BasicDemo", "{D42AF51B-9A31-432E-AF48-6016FAE76134}"
EndProject
Project("{2150E333-8FDC-42A3-9474-1A3956D46DE8}") = "Modes", "Modes", "{03E025A8-0F2C-46F6-AFE7-E726C08252B7}"
EndProject
Project("{9A19103F-16F7-4668-BE54-9A1E7A4F7556}") = "gRPC.Demo.Bidirectional", "gRPC.Demo.Bidirectional\gRPC.Demo.Bidirectional.csproj", "{0AF69796-53FD-4501-90FA-41E70337784C}"
EndProject
Project("{9A19103F-16F7-4668-BE54-9A1E7A4F7556}") = "gRPC.Demo.ClientStreaming", "gRPC.Demo.ClientStreaming\gRPC.Demo.ClientStreaming.csproj", "{CD67282C-7813-4DB6-A564-3FF5399D12C6}"
EndProject
Project("{9A19103F-16F7-4668-BE54-9A1E7A4F7556}") = "gRPC.Demo.MetadataClient", "gRPC.Demo.MetadataClient\gRPC.Demo.MetadataClient.csproj", "{04D51798-A21F-492B-84D6-FDFC8C56C674}"
EndProject
Project("{9A19103F-16F7-4668-BE54-9A1E7A4F7556}") = "gRPC.Demo.Protos", "gRPC.Demo.Protos\gRPC.Demo.Protos.csproj", "{47B14342-2325-48ED-896A-4C72C9C875D9}"
EndProject
Project("{9A19103F-16F7-4668-BE54-9A1E7A4F7556}") = "gRPC.Demo.ServerStreaming", "gRPC.Demo.ServerStreaming\gRPC.Demo.ServerStreaming.csproj", "{92DD516D-0008-4114-A201-C7FA4E3EE759}"
EndProject
Project("{9A19103F-16F7-4668-BE54-9A1E7A4F7556}") = "gRPC.Demo.Service", "gRPC.Demo.Service\gRPC.Demo.Service.csproj", "{63266C1D-A018-4F4B-B9A6-052492025684}"
EndProject
Project("{9A19103F-16F7-4668-BE54-9A1E7A4F7556}") = "gRPC.Demo.Unary", "gRPC.Demo.Unary\gRPC.Demo.Unary.csproj", "{9CCC772B-8602-414B-A14F-C08D9B4532F5}"
EndProject
Project("{9A19103F-16F7-4668-BE54-9A1E7A4F7556}") = "gRPC.Demo.UnaryAsync", "gRPC.Demo.UnaryAsync\gRPC.Demo.UnaryAsync.csproj", "{F8E0B366-6AE3-4E84-A698-10405EA9F102}"
EndProject
Project("{9A19103F-16F7-4668-BE54-9A1E7A4F7556}") = "gRPC.Demo.Versioning", "gRPC.Demo.Versioning\gRPC.Demo.Versioning.csproj", "{9AFF2827-15E9-438F-A13E-ECC1804B7CFD}"
EndProject
Project("{9A19103F-16F7-4668-BE54-9A1E7A4F7556}") = "gRPC.Demo.Versioning.V1", "gRPC.Demo.Versioning.V1\gRPC.Demo.Versioning.V1.csproj", "{E735E76E-AD7F-468C-85D0-A4D7D9EF4F0B}"
EndProject
Project("{9A19103F-16F7-4668-BE54-9A1E7A4F7556}") = "gRPC.Demo.Versioning.V2", "gRPC.Demo.Versioning.V2\gRPC.Demo.Versioning.V2.csproj", "{76D0816B-6219-40DA-BFBA-9DB0555D40C1}"
EndProject
Project("{2150E333-8FDC-42A3-9474-1A3956D46DE8}") = "Versioning", "Versioning", "{06878BB6-6FF9-45AD-9E7D-4BCD27C1D95D}"
EndProject
Project("{2150E333-8FDC-42A3-9474-1A3956D46DE8}") = "Extra", "Extra", "{DC4064EF-D2D7-4BC5-A448-624A04CDC970}"
EndProject
Project("{9A19103F-16F7-4668-BE54-9A1E7A4F7556}") = "gRPC.Demo.Transcoding", "gRPC.Demo.Transcoding\gRPC.Demo.Transcoding.csproj", "{34F7852B-1CD9-4B3E-BC77-BB65DC897A32}"
EndProject
Project("{9A19103F-16F7-4668-BE54-9A1E7A4F7556}") = "BlazorApp.gRPCWeb", "BlazorApp.gRPCWeb\BlazorApp.gRPCWeb.csproj", "{73ABCAC1-E2EE-42E1-9083-8DF792B3D846}"
EndProject
Project("{9A19103F-16F7-4668-BE54-9A1E7A4F7556}") = "gRPC.DeepDive.ServerStreaming", "gRPC.DeepDive.ServerStreaming\gRPC.DeepDive.ServerStreaming.csproj", "{50ACB0F2-9064-41C1-9C46-72461E375CFE}"
EndProject
Project("{2150E333-8FDC-42A3-9474-1A3956D46DE8}") = "Modes2", "Modes2", "{505562E9-35AF-48C2-9019-4B908C11196D}"
EndProject
Project("{9A19103F-16F7-4668-BE54-9A1E7A4F7556}") = "gRPC.Protos", "gRPC.Protos\gRPC.Protos.csproj", "{69ECC44D-F201-4F9D-8B3C-A7CE398F7BC4}"
EndProject
Project("{9A19103F-16F7-4668-BE54-9A1E7A4F7556}") = "gRPC.BiDirectionalStreamingClient", "gRPC.BiDirectionalStreamingClient\gRPC.BiDirectionalStreamingClient.csproj", "{E20D98A1-6FFF-4711-B61B-9C0CA5B0F112}"
EndProject
Project("{9A19103F-16F7-4668-BE54-9A1E7A4F7556}") = "gRPC.DeepDive.ClientStreaming", "gRPC.DeepDive.ClientStreaming\gRPC.DeepDive.ClientStreaming.csproj", "{8B0EDCA3-C33C-4C78-9FF4-2BC50AA33EED}"
EndProject
Project("{9A19103F-16F7-4668-BE54-9A1E7A4F7556}") = "gRPC.DeepDive.Demo", "gRPC.DeepDive.Demo\gRPC.DeepDive.Demo.csproj", "{C53835BC-F918-4597-9C6D-49D167AC938C}"
EndProject
Project("{9A19103F-16F7-4668-BE54-9A1E7A4F7556}") = "gRPC.DeepDive.Unary", "gRPC.ClientDemo.Unary\gRPC.DeepDive.Unary.csproj", "{9F75ADFE-9B9A-43CC-9C8D-8D16FC8888E4}"
EndProject
Global
	GlobalSection(SolutionConfigurationPlatforms) = preSolution
		Debug|Any CPU = Debug|Any CPU
		Release|Any CPU = Release|Any CPU
	EndGlobalSection
	GlobalSection(ProjectConfigurationPlatforms) = postSolution
		{E901A22B-6B9F-4B42-AA54-F862FA69FF75}.Debug|Any CPU.ActiveCfg = Debug|Any CPU
		{E901A22B-6B9F-4B42-AA54-F862FA69FF75}.Debug|Any CPU.Build.0 = Debug|Any CPU
		{E901A22B-6B9F-4B42-AA54-F862FA69FF75}.Release|Any CPU.ActiveCfg = Release|Any CPU
		{E901A22B-6B9F-4B42-AA54-F862FA69FF75}.Release|Any CPU.Build.0 = Release|Any CPU
		{D86B085E-16AD-482F-96D2-95588E5C4DC7}.Debug|Any CPU.ActiveCfg = Debug|Any CPU
		{D86B085E-16AD-482F-96D2-95588E5C4DC7}.Debug|Any CPU.Build.0 = Debug|Any CPU
		{D86B085E-16AD-482F-96D2-95588E5C4DC7}.Release|Any CPU.ActiveCfg = Release|Any CPU
		{D86B085E-16AD-482F-96D2-95588E5C4DC7}.Release|Any CPU.Build.0 = Release|Any CPU
		{DED1DF1E-3CCD-4D2E-BA58-6277995937EB}.Debug|Any CPU.ActiveCfg = Debug|Any CPU
		{DED1DF1E-3CCD-4D2E-BA58-6277995937EB}.Debug|Any CPU.Build.0 = Debug|Any CPU
		{DED1DF1E-3CCD-4D2E-BA58-6277995937EB}.Release|Any CPU.ActiveCfg = Release|Any CPU
		{DED1DF1E-3CCD-4D2E-BA58-6277995937EB}.Release|Any CPU.Build.0 = Release|Any CPU
		{0AF69796-53FD-4501-90FA-41E70337784C}.Debug|Any CPU.ActiveCfg = Debug|Any CPU
		{0AF69796-53FD-4501-90FA-41E70337784C}.Debug|Any CPU.Build.0 = Debug|Any CPU
		{0AF69796-53FD-4501-90FA-41E70337784C}.Release|Any CPU.ActiveCfg = Release|Any CPU
		{0AF69796-53FD-4501-90FA-41E70337784C}.Release|Any CPU.Build.0 = Release|Any CPU
		{CD67282C-7813-4DB6-A564-3FF5399D12C6}.Debug|Any CPU.ActiveCfg = Debug|Any CPU
		{CD67282C-7813-4DB6-A564-3FF5399D12C6}.Debug|Any CPU.Build.0 = Debug|Any CPU
		{CD67282C-7813-4DB6-A564-3FF5399D12C6}.Release|Any CPU.ActiveCfg = Release|Any CPU
		{CD67282C-7813-4DB6-A564-3FF5399D12C6}.Release|Any CPU.Build.0 = Release|Any CPU
		{04D51798-A21F-492B-84D6-FDFC8C56C674}.Debug|Any CPU.ActiveCfg = Debug|Any CPU
		{04D51798-A21F-492B-84D6-FDFC8C56C674}.Debug|Any CPU.Build.0 = Debug|Any CPU
		{04D51798-A21F-492B-84D6-FDFC8C56C674}.Release|Any CPU.ActiveCfg = Release|Any CPU
		{04D51798-A21F-492B-84D6-FDFC8C56C674}.Release|Any CPU.Build.0 = Release|Any CPU
		{47B14342-2325-48ED-896A-4C72C9C875D9}.Debug|Any CPU.ActiveCfg = Debug|Any CPU
		{47B14342-2325-48ED-896A-4C72C9C875D9}.Debug|Any CPU.Build.0 = Debug|Any CPU
		{47B14342-2325-48ED-896A-4C72C9C875D9}.Release|Any CPU.ActiveCfg = Release|Any CPU
		{47B14342-2325-48ED-896A-4C72C9C875D9}.Release|Any CPU.Build.0 = Release|Any CPU
		{92DD516D-0008-4114-A201-C7FA4E3EE759}.Debug|Any CPU.ActiveCfg = Debug|Any CPU
		{92DD516D-0008-4114-A201-C7FA4E3EE759}.Debug|Any CPU.Build.0 = Debug|Any CPU
		{92DD516D-0008-4114-A201-C7FA4E3EE759}.Release|Any CPU.ActiveCfg = Release|Any CPU
		{92DD516D-0008-4114-A201-C7FA4E3EE759}.Release|Any CPU.Build.0 = Release|Any CPU
		{63266C1D-A018-4F4B-B9A6-052492025684}.Debug|Any CPU.ActiveCfg = Debug|Any CPU
		{63266C1D-A018-4F4B-B9A6-052492025684}.Debug|Any CPU.Build.0 = Debug|Any CPU
		{63266C1D-A018-4F4B-B9A6-052492025684}.Release|Any CPU.ActiveCfg = Release|Any CPU
		{63266C1D-A018-4F4B-B9A6-052492025684}.Release|Any CPU.Build.0 = Release|Any CPU
		{9CCC772B-8602-414B-A14F-C08D9B4532F5}.Debug|Any CPU.ActiveCfg = Debug|Any CPU
		{9CCC772B-8602-414B-A14F-C08D9B4532F5}.Debug|Any CPU.Build.0 = Debug|Any CPU
		{9CCC772B-8602-414B-A14F-C08D9B4532F5}.Release|Any CPU.ActiveCfg = Release|Any CPU
		{9CCC772B-8602-414B-A14F-C08D9B4532F5}.Release|Any CPU.Build.0 = Release|Any CPU
		{F8E0B366-6AE3-4E84-A698-10405EA9F102}.Debug|Any CPU.ActiveCfg = Debug|Any CPU
		{F8E0B366-6AE3-4E84-A698-10405EA9F102}.Debug|Any CPU.Build.0 = Debug|Any CPU
		{F8E0B366-6AE3-4E84-A698-10405EA9F102}.Release|Any CPU.ActiveCfg = Release|Any CPU
		{F8E0B366-6AE3-4E84-A698-10405EA9F102}.Release|Any CPU.Build.0 = Release|Any CPU
		{9AFF2827-15E9-438F-A13E-ECC1804B7CFD}.Debug|Any CPU.ActiveCfg = Debug|Any CPU
		{9AFF2827-15E9-438F-A13E-ECC1804B7CFD}.Debug|Any CPU.Build.0 = Debug|Any CPU
		{9AFF2827-15E9-438F-A13E-ECC1804B7CFD}.Release|Any CPU.ActiveCfg = Release|Any CPU
		{9AFF2827-15E9-438F-A13E-ECC1804B7CFD}.Release|Any CPU.Build.0 = Release|Any CPU
		{E735E76E-AD7F-468C-85D0-A4D7D9EF4F0B}.Debug|Any CPU.ActiveCfg = Debug|Any CPU
		{E735E76E-AD7F-468C-85D0-A4D7D9EF4F0B}.Debug|Any CPU.Build.0 = Debug|Any CPU
		{E735E76E-AD7F-468C-85D0-A4D7D9EF4F0B}.Release|Any CPU.ActiveCfg = Release|Any CPU
		{E735E76E-AD7F-468C-85D0-A4D7D9EF4F0B}.Release|Any CPU.Build.0 = Release|Any CPU
		{76D0816B-6219-40DA-BFBA-9DB0555D40C1}.Debug|Any CPU.ActiveCfg = Debug|Any CPU
		{76D0816B-6219-40DA-BFBA-9DB0555D40C1}.Debug|Any CPU.Build.0 = Debug|Any CPU
		{76D0816B-6219-40DA-BFBA-9DB0555D40C1}.Release|Any CPU.ActiveCfg = Release|Any CPU
		{76D0816B-6219-40DA-BFBA-9DB0555D40C1}.Release|Any CPU.Build.0 = Release|Any CPU
		{34F7852B-1CD9-4B3E-BC77-BB65DC897A32}.Debug|Any CPU.ActiveCfg = Debug|Any CPU
		{34F7852B-1CD9-4B3E-BC77-BB65DC897A32}.Debug|Any CPU.Build.0 = Debug|Any CPU
		{34F7852B-1CD9-4B3E-BC77-BB65DC897A32}.Release|Any CPU.ActiveCfg = Release|Any CPU
		{34F7852B-1CD9-4B3E-BC77-BB65DC897A32}.Release|Any CPU.Build.0 = Release|Any CPU
		{73ABCAC1-E2EE-42E1-9083-8DF792B3D846}.Debug|Any CPU.ActiveCfg = Debug|Any CPU
		{73ABCAC1-E2EE-42E1-9083-8DF792B3D846}.Debug|Any CPU.Build.0 = Debug|Any CPU
		{73ABCAC1-E2EE-42E1-9083-8DF792B3D846}.Release|Any CPU.ActiveCfg = Release|Any CPU
		{73ABCAC1-E2EE-42E1-9083-8DF792B3D846}.Release|Any CPU.Build.0 = Release|Any CPU
		{50ACB0F2-9064-41C1-9C46-72461E375CFE}.Debug|Any CPU.ActiveCfg = Debug|Any CPU
		{50ACB0F2-9064-41C1-9C46-72461E375CFE}.Debug|Any CPU.Build.0 = Debug|Any CPU
		{50ACB0F2-9064-41C1-9C46-72461E375CFE}.Release|Any CPU.ActiveCfg = Release|Any CPU
		{50ACB0F2-9064-41C1-9C46-72461E375CFE}.Release|Any CPU.Build.0 = Release|Any CPU
		{69ECC44D-F201-4F9D-8B3C-A7CE398F7BC4}.Debug|Any CPU.ActiveCfg = Debug|Any CPU
		{69ECC44D-F201-4F9D-8B3C-A7CE398F7BC4}.Debug|Any CPU.Build.0 = Debug|Any CPU
		{69ECC44D-F201-4F9D-8B3C-A7CE398F7BC4}.Release|Any CPU.ActiveCfg = Release|Any CPU
		{69ECC44D-F201-4F9D-8B3C-A7CE398F7BC4}.Release|Any CPU.Build.0 = Release|Any CPU
		{E20D98A1-6FFF-4711-B61B-9C0CA5B0F112}.Debug|Any CPU.ActiveCfg = Debug|Any CPU
		{E20D98A1-6FFF-4711-B61B-9C0CA5B0F112}.Debug|Any CPU.Build.0 = Debug|Any CPU
		{E20D98A1-6FFF-4711-B61B-9C0CA5B0F112}.Release|Any CPU.ActiveCfg = Release|Any CPU
		{E20D98A1-6FFF-4711-B61B-9C0CA5B0F112}.Release|Any CPU.Build.0 = Release|Any CPU
		{8B0EDCA3-C33C-4C78-9FF4-2BC50AA33EED}.Debug|Any CPU.ActiveCfg = Debug|Any CPU
		{8B0EDCA3-C33C-4C78-9FF4-2BC50AA33EED}.Debug|Any CPU.Build.0 = Debug|Any CPU
		{8B0EDCA3-C33C-4C78-9FF4-2BC50AA33EED}.Release|Any CPU.ActiveCfg = Release|Any CPU
		{8B0EDCA3-C33C-4C78-9FF4-2BC50AA33EED}.Release|Any CPU.Build.0 = Release|Any CPU
		{C53835BC-F918-4597-9C6D-49D167AC938C}.Debug|Any CPU.ActiveCfg = Debug|Any CPU
		{C53835BC-F918-4597-9C6D-49D167AC938C}.Debug|Any CPU.Build.0 = Debug|Any CPU
		{C53835BC-F918-4597-9C6D-49D167AC938C}.Release|Any CPU.ActiveCfg = Release|Any CPU
		{C53835BC-F918-4597-9C6D-49D167AC938C}.Release|Any CPU.Build.0 = Release|Any CPU
		{9F75ADFE-9B9A-43CC-9C8D-8D16FC8888E4}.Debug|Any CPU.ActiveCfg = Debug|Any CPU
		{9F75ADFE-9B9A-43CC-9C8D-8D16FC8888E4}.Debug|Any CPU.Build.0 = Debug|Any CPU
		{9F75ADFE-9B9A-43CC-9C8D-8D16FC8888E4}.Release|Any CPU.ActiveCfg = Release|Any CPU
		{9F75ADFE-9B9A-43CC-9C8D-8D16FC8888E4}.Release|Any CPU.Build.0 = Release|Any CPU
	EndGlobalSection
	GlobalSection(SolutionProperties) = preSolution
		HideSolutionNode = FALSE
	EndGlobalSection
	GlobalSection(NestedProjects) = preSolution
		{E901A22B-6B9F-4B42-AA54-F862FA69FF75} = {D42AF51B-9A31-432E-AF48-6016FAE76134}
		{D86B085E-16AD-482F-96D2-95588E5C4DC7} = {D42AF51B-9A31-432E-AF48-6016FAE76134}
		{DED1DF1E-3CCD-4D2E-BA58-6277995937EB} = {D42AF51B-9A31-432E-AF48-6016FAE76134}
		{0AF69796-53FD-4501-90FA-41E70337784C} = {03E025A8-0F2C-46F6-AFE7-E726C08252B7}
		{CD67282C-7813-4DB6-A564-3FF5399D12C6} = {03E025A8-0F2C-46F6-AFE7-E726C08252B7}
		{04D51798-A21F-492B-84D6-FDFC8C56C674} = {03E025A8-0F2C-46F6-AFE7-E726C08252B7}
		{47B14342-2325-48ED-896A-4C72C9C875D9} = {03E025A8-0F2C-46F6-AFE7-E726C08252B7}
		{92DD516D-0008-4114-A201-C7FA4E3EE759} = {03E025A8-0F2C-46F6-AFE7-E726C08252B7}
		{63266C1D-A018-4F4B-B9A6-052492025684} = {03E025A8-0F2C-46F6-AFE7-E726C08252B7}
		{9CCC772B-8602-414B-A14F-C08D9B4532F5} = {03E025A8-0F2C-46F6-AFE7-E726C08252B7}
		{F8E0B366-6AE3-4E84-A698-10405EA9F102} = {03E025A8-0F2C-46F6-AFE7-E726C08252B7}
		{9AFF2827-15E9-438F-A13E-ECC1804B7CFD} = {06878BB6-6FF9-45AD-9E7D-4BCD27C1D95D}
		{E735E76E-AD7F-468C-85D0-A4D7D9EF4F0B} = {06878BB6-6FF9-45AD-9E7D-4BCD27C1D95D}
		{76D0816B-6219-40DA-BFBA-9DB0555D40C1} = {06878BB6-6FF9-45AD-9E7D-4BCD27C1D95D}
		{34F7852B-1CD9-4B3E-BC77-BB65DC897A32} = {DC4064EF-D2D7-4BC5-A448-624A04CDC970}
		{73ABCAC1-E2EE-42E1-9083-8DF792B3D846} = {DC4064EF-D2D7-4BC5-A448-624A04CDC970}
		{50ACB0F2-9064-41C1-9C46-72461E375CFE} = {505562E9-35AF-48C2-9019-4B908C11196D}
		{69ECC44D-F201-4F9D-8B3C-A7CE398F7BC4} = {505562E9-35AF-48C2-9019-4B908C11196D}
		{E20D98A1-6FFF-4711-B61B-9C0CA5B0F112} = {505562E9-35AF-48C2-9019-4B908C11196D}
		{8B0EDCA3-C33C-4C78-9FF4-2BC50AA33EED} = {505562E9-35AF-48C2-9019-4B908C11196D}
		{C53835BC-F918-4597-9C6D-49D167AC938C} = {505562E9-35AF-48C2-9019-4B908C11196D}
		{9F75ADFE-9B9A-43CC-9C8D-8D16FC8888E4} = {505562E9-35AF-48C2-9019-4B908C11196D}
	EndGlobalSection
	GlobalSection(ExtensibilityGlobals) = postSolution
		SolutionGuid = {73BF9887-52E1-4557-9990-007B3FB4059A}
	EndGlobalSection
EndGlobal
